
Microsoft Visual Studio Solution File, Format Version 12.00
# Visual Studio 14
VisualStudioVersion = 14.0.25420.1
MinimumVisualStudioVersion = 10.0.40219.1
Project("{FAE04EC0-301F-11D3-BF4B-00C04F79EFBC}") = "Durian.CLI", "Durian.CLI\Durian.CLI.csproj", "{66141D8D-C88B-4F31-86FD-A459CDC64D5D}"
EndProject
Project("{FAE04EC0-301F-11D3-BF4B-00C04F79EFBC}") = "Durian.Tests", "Durian.Tests\Durian.Tests.csproj", "{08837618-134B-40B4-B346-60850CE6E92B}"
EndProject
Project("{FAE04EC0-301F-11D3-BF4B-00C04F79EFBC}") = "Durian.Ballance.Server", "Durian.Ballance.Server\Durian.Ballance.Server.csproj", "{F0C6FF7E-CBD4-4632-95A2-C4599766C0DD}"
EndProject
Project("{FAE04EC0-301F-11D3-BF4B-00C04F79EFBC}") = "Durian.Ballance.Client", "Durian.Ballance.Client\Durian.Ballance.Client.csproj", "{5B9B5D95-C78B-4754-9A06-E14BD20188A3}"
EndProject
Project("{FAE04EC0-301F-11D3-BF4B-00C04F79EFBC}") = "Durian.Client", "Durian.Client\Durian.Client.csproj", "{AD8E250D-2B2A-4157-8269-087F6FC50D4A}"
EndProject
Project("{FAE04EC0-301F-11D3-BF4B-00C04F79EFBC}") = "Durian.Serialization.FlatBuffers", "Durian.Serialization.FlatBuffers\Durian.Serialization.FlatBuffers.csproj", "{2187A46C-D48F-4B60-8E3E-D25162E16ECB}"
EndProject
Project("{FAE04EC0-301F-11D3-BF4B-00C04F79EFBC}") = "Durian.Serialization.FlatBuffers.Compiler", "Durian.Serialization.FlatBuffers.Compiler\Durian.Serialization.FlatBuffers.Compiler.csproj", "{6B02B97B-94B3-4949-AA50-CA7717E5C4B1}"
EndProject
Project("{FAE04EC0-301F-11D3-BF4B-00C04F79EFBC}") = "Durian.Configuration", "Durian.Configuration\Durian.Configuration.csproj", "{8B114920-15EE-441B-A6A2-892603BC82BE}"
EndProject
Project("{FAE04EC0-301F-11D3-BF4B-00C04F79EFBC}") = "Durian.Configuration.Exporter", "Durian.Configuration.Exporter\Durian.Configuration.Exporter.csproj", "{4B4FF9C9-7309-4BB0-9D15-4E95D90D9E43}"
EndProject
Project("{FAE04EC0-301F-11D3-BF4B-00C04F79EFBC}") = "Durian.Authentication.Client", "Durian.Authentication.Client\Durian.Authentication.Client.csproj", "{6FB2ECD3-BA1F-4351-BB5A-FF9D592828EA}"
EndProject
Project("{FAE04EC0-301F-11D3-BF4B-00C04F79EFBC}") = "Durian.Authentication", "Durian.Authentication\Durian.Authentication.csproj", "{CF8BE917-B2D6-4F22-87D0-E7FCDA53338A}"
EndProject
Project("{FAE04EC0-301F-11D3-BF4B-00C04F79EFBC}") = "Durian", "Durian\Durian.csproj", "{4EA5BA80-9FEF-4FF2-A026-46369D80313B}"
EndProject
Project("{FAE04EC0-301F-11D3-BF4B-00C04F79EFBC}") = "Durian.Network", "Durian.Network\Durian.Network.csproj", "{606B0B7E-E5F3-48A1-B134-53F0FE6E68A4}"
EndProject
Global
	GlobalSection(SolutionConfigurationPlatforms) = preSolution
		Debug|Any CPU = Debug|Any CPU
		Release|Any CPU = Release|Any CPU
	EndGlobalSection
	GlobalSection(ProjectConfigurationPlatforms) = postSolution
		{66141D8D-C88B-4F31-86FD-A459CDC64D5D}.Debug|Any CPU.ActiveCfg = Debug|Any CPU
		{66141D8D-C88B-4F31-86FD-A459CDC64D5D}.Debug|Any CPU.Build.0 = Debug|Any CPU
		{66141D8D-C88B-4F31-86FD-A459CDC64D5D}.Release|Any CPU.ActiveCfg = Release|Any CPU
		{66141D8D-C88B-4F31-86FD-A459CDC64D5D}.Release|Any CPU.Build.0 = Release|Any CPU
		{08837618-134B-40B4-B346-60850CE6E92B}.Debug|Any CPU.ActiveCfg = Debug|Any CPU
		{08837618-134B-40B4-B346-60850CE6E92B}.Debug|Any CPU.Build.0 = Debug|Any CPU
		{08837618-134B-40B4-B346-60850CE6E92B}.Release|Any CPU.ActiveCfg = Release|Any CPU
		{08837618-134B-40B4-B346-60850CE6E92B}.Release|Any CPU.Build.0 = Release|Any CPU
		{F0C6FF7E-CBD4-4632-95A2-C4599766C0DD}.Debug|Any CPU.ActiveCfg = Debug|Any CPU
		{F0C6FF7E-CBD4-4632-95A2-C4599766C0DD}.Debug|Any CPU.Build.0 = Debug|Any CPU
		{F0C6FF7E-CBD4-4632-95A2-C4599766C0DD}.Release|Any CPU.ActiveCfg = Release|Any CPU
		{F0C6FF7E-CBD4-4632-95A2-C4599766C0DD}.Release|Any CPU.Build.0 = Release|Any CPU
		{5B9B5D95-C78B-4754-9A06-E14BD20188A3}.Debug|Any CPU.ActiveCfg = Debug|Any CPU
		{5B9B5D95-C78B-4754-9A06-E14BD20188A3}.Debug|Any CPU.Build.0 = Debug|Any CPU
		{5B9B5D95-C78B-4754-9A06-E14BD20188A3}.Release|Any CPU.ActiveCfg = Release|Any CPU
		{5B9B5D95-C78B-4754-9A06-E14BD20188A3}.Release|Any CPU.Build.0 = Release|Any CPU
		{AD8E250D-2B2A-4157-8269-087F6FC50D4A}.Debug|Any CPU.ActiveCfg = Debug|Any CPU
		{AD8E250D-2B2A-4157-8269-087F6FC50D4A}.Debug|Any CPU.Build.0 = Debug|Any CPU
		{AD8E250D-2B2A-4157-8269-087F6FC50D4A}.Release|Any CPU.ActiveCfg = Release|Any CPU
		{AD8E250D-2B2A-4157-8269-087F6FC50D4A}.Release|Any CPU.Build.0 = Release|Any CPU
		{2187A46C-D48F-4B60-8E3E-D25162E16ECB}.Debug|Any CPU.ActiveCfg = Debug|Any CPU
		{2187A46C-D48F-4B60-8E3E-D25162E16ECB}.Debug|Any CPU.Build.0 = Debug|Any CPU
		{2187A46C-D48F-4B60-8E3E-D25162E16ECB}.Release|Any CPU.ActiveCfg = Release|Any CPU
		{2187A46C-D48F-4B60-8E3E-D25162E16ECB}.Release|Any CPU.Build.0 = Release|Any CPU
		{6B02B97B-94B3-4949-AA50-CA7717E5C4B1}.Debug|Any CPU.ActiveCfg = Debug|Any CPU
		{6B02B97B-94B3-4949-AA50-CA7717E5C4B1}.Debug|Any CPU.Build.0 = Debug|Any CPU
		{6B02B97B-94B3-4949-AA50-CA7717E5C4B1}.Release|Any CPU.ActiveCfg = Release|Any CPU
		{6B02B97B-94B3-4949-AA50-CA7717E5C4B1}.Release|Any CPU.Build.0 = Release|Any CPU
		{8B114920-15EE-441B-A6A2-892603BC82BE}.Debug|Any CPU.ActiveCfg = Debug|Any CPU
		{8B114920-15EE-441B-A6A2-892603BC82BE}.Debug|Any CPU.Build.0 = Debug|Any CPU
		{8B114920-15EE-441B-A6A2-892603BC82BE}.Release|Any CPU.ActiveCfg = Release|Any CPU
		{8B114920-15EE-441B-A6A2-892603BC82BE}.Release|Any CPU.Build.0 = Release|Any CPU
		{4B4FF9C9-7309-4BB0-9D15-4E95D90D9E43}.Debug|Any CPU.ActiveCfg = Debug|Any CPU
		{4B4FF9C9-7309-4BB0-9D15-4E95D90D9E43}.Debug|Any CPU.Build.0 = Debug|Any CPU
		{4B4FF9C9-7309-4BB0-9D15-4E95D90D9E43}.Release|Any CPU.ActiveCfg = Release|Any CPU
		{4B4FF9C9-7309-4BB0-9D15-4E95D90D9E43}.Release|Any CPU.Build.0 = Release|Any CPU
		{6FB2ECD3-BA1F-4351-BB5A-FF9D592828EA}.Debug|Any CPU.ActiveCfg = Debug|Any CPU
		{6FB2ECD3-BA1F-4351-BB5A-FF9D592828EA}.Debug|Any CPU.Build.0 = Debug|Any CPU
		{6FB2ECD3-BA1F-4351-BB5A-FF9D592828EA}.Release|Any CPU.ActiveCfg = Release|Any CPU
		{6FB2ECD3-BA1F-4351-BB5A-FF9D592828EA}.Release|Any CPU.Build.0 = Release|Any CPU
		{CF8BE917-B2D6-4F22-87D0-E7FCDA53338A}.Debug|Any CPU.ActiveCfg = Debug|Any CPU
		{CF8BE917-B2D6-4F22-87D0-E7FCDA53338A}.Debug|Any CPU.Build.0 = Debug|Any CPU
		{CF8BE917-B2D6-4F22-87D0-E7FCDA53338A}.Release|Any CPU.ActiveCfg = Release|Any CPU
		{CF8BE917-B2D6-4F22-87D0-E7FCDA53338A}.Release|Any CPU.Build.0 = Release|Any CPU
		{4EA5BA80-9FEF-4FF2-A026-46369D80313B}.Debug|Any CPU.ActiveCfg = Debug|Any CPU
		{4EA5BA80-9FEF-4FF2-A026-46369D80313B}.Debug|Any CPU.Build.0 = Debug|Any CPU
		{4EA5BA80-9FEF-4FF2-A026-46369D80313B}.Release|Any CPU.ActiveCfg = Release|Any CPU
		{4EA5BA80-9FEF-4FF2-A026-46369D80313B}.Release|Any CPU.Build.0 = Release|Any CPU
		{606B0B7E-E5F3-48A1-B134-53F0FE6E68A4}.Debug|Any CPU.ActiveCfg = Debug|Any CPU
		{606B0B7E-E5F3-48A1-B134-53F0FE6E68A4}.Debug|Any CPU.Build.0 = Debug|Any CPU
		{606B0B7E-E5F3-48A1-B134-53F0FE6E68A4}.Release|Any CPU.ActiveCfg = Release|Any CPU
		{606B0B7E-E5F3-48A1-B134-53F0FE6E68A4}.Release|Any CPU.Build.0 = Release|Any CPU
	EndGlobalSection
	GlobalSection(SolutionProperties) = preSolution
		HideSolutionNode = FALSE
	EndGlobalSection
EndGlobal
