
Microsoft Visual Studio Solution File, Format Version 12.00
# Visual Studio 15
VisualStudioVersion = 15.0.26206.0
MinimumVisualStudioVersion = 10.0.40219.1
Project("{2150E333-8FDC-42A3-9474-1A3956D46DE8}") = "src", "src", "{9000E88C-28DA-4302-BC20-43D7FBEE3B62}"
EndProject
Project("{2150E333-8FDC-42A3-9474-1A3956D46DE8}") = "examples", "examples", "{0D22F7A9-A0F9-4C2C-AB79-6A241183E4EA}"
EndProject
Project("{2150E333-8FDC-42A3-9474-1A3956D46DE8}") = "tests", "tests", "{FC2F97D0-33B8-4C6B-AE7D-B7A72C6E5BCF}"
EndProject
Project("{FAE04EC0-301F-11D3-BF4B-00C04F79EFBC}") = "Durian.Tests", "tests\Durian.Tests\Durian.Tests.csproj", "{08837618-134B-40B4-B346-60850CE6E92B}"
EndProject
Project("{FAE04EC0-301F-11D3-BF4B-00C04F79EFBC}") = "Durian", "src\Durian\Durian.csproj", "{4EA5BA80-9FEF-4FF2-A026-46369D80313B}"
EndProject
Project("{FAE04EC0-301F-11D3-BF4B-00C04F79EFBC}") = "Durian.Authentication", "src\Durian.Authentication\Durian.Authentication.csproj", "{CF8BE917-B2D6-4F22-87D0-E7FCDA53338A}"
EndProject
Project("{FAE04EC0-301F-11D3-BF4B-00C04F79EFBC}") = "Durian.CLI", "src\Durian.CLI\Durian.CLI.csproj", "{66141D8D-C88B-4F31-86FD-A459CDC64D5D}"
EndProject
Project("{FAE04EC0-301F-11D3-BF4B-00C04F79EFBC}") = "Durian.Configuration", "src\Durian.Configuration\Durian.Configuration.csproj", "{8B114920-15EE-441B-A6A2-892603BC82BE}"
EndProject
Project("{FAE04EC0-301F-11D3-BF4B-00C04F79EFBC}") = "Durian.Configuration.Exporter", "src\Durian.Configuration.Exporter\Durian.Configuration.Exporter.csproj", "{4B4FF9C9-7309-4BB0-9D15-4E95D90D9E43}"
EndProject
Project("{FAE04EC0-301F-11D3-BF4B-00C04F79EFBC}") = "Durian.IO", "src\Durian.IO\Durian.IO.csproj", "{606B0B7E-E5F3-48A1-B134-53F0FE6E68A4}"
EndProject
Project("{FAE04EC0-301F-11D3-BF4B-00C04F79EFBC}") = "Ballance.Client", "examples\Ballance.Client\Ballance.Client.csproj", "{5B9B5D95-C78B-4754-9A06-E14BD20188A3}"
EndProject
Project("{FAE04EC0-301F-11D3-BF4B-00C04F79EFBC}") = "Ballance.Server", "examples\Ballance.Server\Ballance.Server.csproj", "{F0C6FF7E-CBD4-4632-95A2-C4599766C0DD}"
EndProject
Project("{2150E333-8FDC-42A3-9474-1A3956D46DE8}") = "clients", "clients", "{D94C8479-650B-4A85-8F10-7EEA217453C6}"
EndProject
Project("{FAE04EC0-301F-11D3-BF4B-00C04F79EFBC}") = "Durian.Client", "clients\Durian.Client\Durian.Client.csproj", "{AD8E250D-2B2A-4157-8269-087F6FC50D4A}"
EndProject
Project("{FAE04EC0-301F-11D3-BF4B-00C04F79EFBC}") = "Durian.Authentication.Client", "clients\Durian.Authentication.Client\Durian.Authentication.Client.csproj", "{6FB2ECD3-BA1F-4351-BB5A-FF9D592828EA}"
EndProject
Project("{FAE04EC0-301F-11D3-BF4B-00C04F79EFBC}") = "Durian.ServiceRegistry", "src\Durian.ServiceRegistry\Durian.ServiceRegistry.csproj", "{AFBD9005-041D-42AE-92BA-54D7D867F948}"
EndProject
Global
	GlobalSection(SolutionConfigurationPlatforms) = preSolution
		Debug|Any CPU = Debug|Any CPU
		Release|Any CPU = Release|Any CPU
	EndGlobalSection
	GlobalSection(ProjectConfigurationPlatforms) = postSolution
		{08837618-134B-40B4-B346-60850CE6E92B}.Debug|Any CPU.ActiveCfg = Debug|Any CPU
		{08837618-134B-40B4-B346-60850CE6E92B}.Debug|Any CPU.Build.0 = Debug|Any CPU
		{08837618-134B-40B4-B346-60850CE6E92B}.Release|Any CPU.ActiveCfg = Release|Any CPU
		{08837618-134B-40B4-B346-60850CE6E92B}.Release|Any CPU.Build.0 = Release|Any CPU
		{4EA5BA80-9FEF-4FF2-A026-46369D80313B}.Debug|Any CPU.ActiveCfg = Debug|Any CPU
		{4EA5BA80-9FEF-4FF2-A026-46369D80313B}.Debug|Any CPU.Build.0 = Debug|Any CPU
		{4EA5BA80-9FEF-4FF2-A026-46369D80313B}.Release|Any CPU.ActiveCfg = Release|Any CPU
		{4EA5BA80-9FEF-4FF2-A026-46369D80313B}.Release|Any CPU.Build.0 = Release|Any CPU
		{CF8BE917-B2D6-4F22-87D0-E7FCDA53338A}.Debug|Any CPU.ActiveCfg = Debug|Any CPU
		{CF8BE917-B2D6-4F22-87D0-E7FCDA53338A}.Debug|Any CPU.Build.0 = Debug|Any CPU
		{CF8BE917-B2D6-4F22-87D0-E7FCDA53338A}.Release|Any CPU.ActiveCfg = Release|Any CPU
		{CF8BE917-B2D6-4F22-87D0-E7FCDA53338A}.Release|Any CPU.Build.0 = Release|Any CPU
		{66141D8D-C88B-4F31-86FD-A459CDC64D5D}.Debug|Any CPU.ActiveCfg = Debug|Any CPU
		{66141D8D-C88B-4F31-86FD-A459CDC64D5D}.Debug|Any CPU.Build.0 = Debug|Any CPU
		{66141D8D-C88B-4F31-86FD-A459CDC64D5D}.Release|Any CPU.ActiveCfg = Release|Any CPU
		{66141D8D-C88B-4F31-86FD-A459CDC64D5D}.Release|Any CPU.Build.0 = Release|Any CPU
		{8B114920-15EE-441B-A6A2-892603BC82BE}.Debug|Any CPU.ActiveCfg = Debug|Any CPU
		{8B114920-15EE-441B-A6A2-892603BC82BE}.Debug|Any CPU.Build.0 = Debug|Any CPU
		{8B114920-15EE-441B-A6A2-892603BC82BE}.Release|Any CPU.ActiveCfg = Release|Any CPU
		{8B114920-15EE-441B-A6A2-892603BC82BE}.Release|Any CPU.Build.0 = Release|Any CPU
		{4B4FF9C9-7309-4BB0-9D15-4E95D90D9E43}.Debug|Any CPU.ActiveCfg = Debug|Any CPU
		{4B4FF9C9-7309-4BB0-9D15-4E95D90D9E43}.Debug|Any CPU.Build.0 = Debug|Any CPU
		{4B4FF9C9-7309-4BB0-9D15-4E95D90D9E43}.Release|Any CPU.ActiveCfg = Release|Any CPU
		{4B4FF9C9-7309-4BB0-9D15-4E95D90D9E43}.Release|Any CPU.Build.0 = Release|Any CPU
		{606B0B7E-E5F3-48A1-B134-53F0FE6E68A4}.Debug|Any CPU.ActiveCfg = Debug|Any CPU
		{606B0B7E-E5F3-48A1-B134-53F0FE6E68A4}.Debug|Any CPU.Build.0 = Debug|Any CPU
		{606B0B7E-E5F3-48A1-B134-53F0FE6E68A4}.Release|Any CPU.ActiveCfg = Release|Any CPU
		{606B0B7E-E5F3-48A1-B134-53F0FE6E68A4}.Release|Any CPU.Build.0 = Release|Any CPU
		{5B9B5D95-C78B-4754-9A06-E14BD20188A3}.Debug|Any CPU.ActiveCfg = Debug|Any CPU
		{5B9B5D95-C78B-4754-9A06-E14BD20188A3}.Debug|Any CPU.Build.0 = Debug|Any CPU
		{5B9B5D95-C78B-4754-9A06-E14BD20188A3}.Release|Any CPU.ActiveCfg = Release|Any CPU
		{5B9B5D95-C78B-4754-9A06-E14BD20188A3}.Release|Any CPU.Build.0 = Release|Any CPU
		{F0C6FF7E-CBD4-4632-95A2-C4599766C0DD}.Debug|Any CPU.ActiveCfg = Debug|Any CPU
		{F0C6FF7E-CBD4-4632-95A2-C4599766C0DD}.Debug|Any CPU.Build.0 = Debug|Any CPU
		{F0C6FF7E-CBD4-4632-95A2-C4599766C0DD}.Release|Any CPU.ActiveCfg = Release|Any CPU
		{F0C6FF7E-CBD4-4632-95A2-C4599766C0DD}.Release|Any CPU.Build.0 = Release|Any CPU
		{AD8E250D-2B2A-4157-8269-087F6FC50D4A}.Debug|Any CPU.ActiveCfg = Debug|Any CPU
		{AD8E250D-2B2A-4157-8269-087F6FC50D4A}.Debug|Any CPU.Build.0 = Debug|Any CPU
		{AD8E250D-2B2A-4157-8269-087F6FC50D4A}.Release|Any CPU.ActiveCfg = Release|Any CPU
		{AD8E250D-2B2A-4157-8269-087F6FC50D4A}.Release|Any CPU.Build.0 = Release|Any CPU
		{6FB2ECD3-BA1F-4351-BB5A-FF9D592828EA}.Debug|Any CPU.ActiveCfg = Debug|Any CPU
		{6FB2ECD3-BA1F-4351-BB5A-FF9D592828EA}.Debug|Any CPU.Build.0 = Debug|Any CPU
		{6FB2ECD3-BA1F-4351-BB5A-FF9D592828EA}.Release|Any CPU.ActiveCfg = Release|Any CPU
		{6FB2ECD3-BA1F-4351-BB5A-FF9D592828EA}.Release|Any CPU.Build.0 = Release|Any CPU
		{AFBD9005-041D-42AE-92BA-54D7D867F948}.Debug|Any CPU.ActiveCfg = Debug|Any CPU
		{AFBD9005-041D-42AE-92BA-54D7D867F948}.Debug|Any CPU.Build.0 = Debug|Any CPU
		{AFBD9005-041D-42AE-92BA-54D7D867F948}.Release|Any CPU.ActiveCfg = Release|Any CPU
		{AFBD9005-041D-42AE-92BA-54D7D867F948}.Release|Any CPU.Build.0 = Release|Any CPU
	EndGlobalSection
	GlobalSection(SolutionProperties) = preSolution
		HideSolutionNode = FALSE
	EndGlobalSection
	GlobalSection(NestedProjects) = preSolution
		{08837618-134B-40B4-B346-60850CE6E92B} = {FC2F97D0-33B8-4C6B-AE7D-B7A72C6E5BCF}
		{4EA5BA80-9FEF-4FF2-A026-46369D80313B} = {9000E88C-28DA-4302-BC20-43D7FBEE3B62}
		{CF8BE917-B2D6-4F22-87D0-E7FCDA53338A} = {9000E88C-28DA-4302-BC20-43D7FBEE3B62}
		{66141D8D-C88B-4F31-86FD-A459CDC64D5D} = {9000E88C-28DA-4302-BC20-43D7FBEE3B62}
		{8B114920-15EE-441B-A6A2-892603BC82BE} = {9000E88C-28DA-4302-BC20-43D7FBEE3B62}
		{4B4FF9C9-7309-4BB0-9D15-4E95D90D9E43} = {9000E88C-28DA-4302-BC20-43D7FBEE3B62}
		{606B0B7E-E5F3-48A1-B134-53F0FE6E68A4} = {9000E88C-28DA-4302-BC20-43D7FBEE3B62}
		{5B9B5D95-C78B-4754-9A06-E14BD20188A3} = {0D22F7A9-A0F9-4C2C-AB79-6A241183E4EA}
		{F0C6FF7E-CBD4-4632-95A2-C4599766C0DD} = {0D22F7A9-A0F9-4C2C-AB79-6A241183E4EA}
		{AD8E250D-2B2A-4157-8269-087F6FC50D4A} = {D94C8479-650B-4A85-8F10-7EEA217453C6}
		{6FB2ECD3-BA1F-4351-BB5A-FF9D592828EA} = {D94C8479-650B-4A85-8F10-7EEA217453C6}
		{AFBD9005-041D-42AE-92BA-54D7D867F948} = {9000E88C-28DA-4302-BC20-43D7FBEE3B62}
	EndGlobalSection
EndGlobal
